
Microsoft Visual Studio Solution File, Format Version 12.00
# Visual Studio Version 16
VisualStudioVersion = 16.0.30225.117
MinimumVisualStudioVersion = 10.0.40219.1
Project("{F184B08F-C81C-45F6-A57F-5ABD9991F28F}") = "Taller2-MovimientoTraslacional-JohamMedina-HernanCadena", "Taller2-MovimientoTraslacional-JohamMedina-HernanCadena\Taller2-MovimientoTraslacional-JohamMedina-HernanCadena.vbproj", "{08334056-C9A5-444D-B45F-FDB327C28F5A}"
EndProject
Global
	GlobalSection(SolutionConfigurationPlatforms) = preSolution
		Debug|Any CPU = Debug|Any CPU
		Release|Any CPU = Release|Any CPU
	EndGlobalSection
	GlobalSection(ProjectConfigurationPlatforms) = postSolution
		{08334056-C9A5-444D-B45F-FDB327C28F5A}.Debug|Any CPU.ActiveCfg = Debug|Any CPU
		{08334056-C9A5-444D-B45F-FDB327C28F5A}.Debug|Any CPU.Build.0 = Debug|Any CPU
		{08334056-C9A5-444D-B45F-FDB327C28F5A}.Release|Any CPU.ActiveCfg = Release|Any CPU
		{08334056-C9A5-444D-B45F-FDB327C28F5A}.Release|Any CPU.Build.0 = Release|Any CPU
	EndGlobalSection
	GlobalSection(SolutionProperties) = preSolution
		HideSolutionNode = FALSE
	EndGlobalSection
	GlobalSection(ExtensibilityGlobals) = postSolution
		SolutionGuid = {0A2EA571-EF4E-406F-BE2A-A26B9E9EDFA1}
	EndGlobalSection
EndGlobal
